Microsoft Visual Studio Solution File, Format Version 11.00
# Visual Studio 2008

Project("{BE8C2864-B076-E297-8C34-7FB0FA4053E4}") = "Unity_GDungeonMaster", "Assembly-CSharp.csproj", "{05C97FE3-5441-146E-52A7-C100EF1F1653}"
EndProject
Global
	GlobalSection(SolutionConfigurationPlatforms) = preSolution
		Debug|Any CPU = Debug|Any CPU
		Release|Any CPU = Release|Any CPU
	EndGlobalSection
	GlobalSection(ProjectConfigurationPlatforms) = postSolution
		{05C97FE3-5441-146E-52A7-C100EF1F1653}.Debug|Any CPU.ActiveCfg = Debug|Any CPU
		{05C97FE3-5441-146E-52A7-C100EF1F1653}.Debug|Any CPU.Build.0 = Debug|Any CPU
		{05C97FE3-5441-146E-52A7-C100EF1F1653}.Release|Any CPU.ActiveCfg = Release|Any CPU
		{05C97FE3-5441-146E-52A7-C100EF1F1653}.Release|Any CPU.Build.0 = Release|Any CPU
	EndGlobalSection
	GlobalSection(SolutionProperties) = preSolution
		HideSolutionNode = FALSE
	EndGlobalSection
	GlobalSection(MonoDevelopProperties) = preSolution
		StartupItem = Assembly-CSharp.csproj
	EndGlobalSection
EndGlobal
